
Microsoft Visual Studio Solution File, Format Version 12.00
# Visual Studio Version 17
VisualStudioVersion = 17.1.32210.238
MinimumVisualStudioVersion = 10.0.40219.1
Project("{FAE04EC0-301F-11D3-BF4B-00C04F79EFBC}") = "Dbms", "Dbms\Dbms.csproj", "{02F92CB9-BF83-4680-8555-769D380FAB05}"
EndProject
Global
	GlobalSection(SolutionConfigurationPlatforms) = preSolution
		Debug|Any CPU = Debug|Any CPU
		Release|Any CPU = Release|Any CPU
	EndGlobalSection
	GlobalSection(ProjectConfigurationPlatforms) = postSolution
		{02F92CB9-BF83-4680-8555-769D380FAB05}.Debug|Any CPU.ActiveCfg = Debug|Any CPU
		{02F92CB9-BF83-4680-8555-769D380FAB05}.Debug|Any CPU.Build.0 = Debug|Any CPU
		{02F92CB9-BF83-4680-8555-769D380FAB05}.Release|Any CPU.ActiveCfg = Release|Any CPU
		{02F92CB9-BF83-4680-8555-769D380FAB05}.Release|Any CPU.Build.0 = Release|Any CPU
	EndGlobalSection
	GlobalSection(SolutionProperties) = preSolution
		HideSolutionNode = FALSE
	EndGlobalSection
	GlobalSection(ExtensibilityGlobals) = postSolution
		SolutionGuid = {D3931EAC-8947-4F69-A60B-60D3915E318D}
	EndGlobalSection
EndGlobal
